{
  "originHash" : "25adead8588a2db06bdaddafa6f31851ec8766a9d18d875dd8ff3dfae93b0a9e",
  "pins" : [
    {
      "identity" : "kingfisher",
      "kind" : "remoteSourceControl",
      "location" : "https://github.com/onevcat/Kingfisher.git",
      "state" : {
        "revision" : "4d75de347da985a70c63af4d799ed482021f6733",
        "version" : "8.6.1"
      }
    },
    {
      "identity" : "networking",
      "kind" : "remoteSourceControl",
      "location" : "https://github.com/andremietti/Networking.git",
      "state" : {
        "branch" : "main",
        "revision" : "76867190fea151cb71c498347da316c48ab4fd6c"
      }
    }
  ],
  "version" : 3
}
